{
  "version": 4,
  "terraform_version": "1.11.3",
  "serial": 230,
  "lineage": "a31c212d-28ef-5d06-20cf-d76de386a3d9",
  "outputs": {},
  "resources": [
    {
      "mode": "managed",
      "type": "aws_acm_certificate",
      "name": "cert",
      "provider": "provider[\"registry.terraform.io/hashicorp/aws\"]",
      "instances": [
        {
          "schema_version": 0,
          "attributes": {
            "arn": "arn:aws:acm:us-east-1:731945947682:certificate/30badd39-5f30-48e4-9f8d-65f83e18c2a6",
            "certificate_authority_arn": "",
            "certificate_body": null,
            "certificate_chain": null,
            "domain_name": "joshvvcv.com",
            "domain_validation_options": [
              {
                "domain_name": "api.joshvvcv.com",
                "resource_record_name": "_c272097b639d8f62a465135bb5e4c54c.api.joshvvcv.com.",
                "resource_record_type": "CNAME",
                "resource_record_value": "_a7c2d772073afe4ab0bac0608e0bf346.xlfgrmvvlj.acm-validations.aws."
              },
              {
                "domain_name": "joshvvcv.com",
                "resource_record_name": "_63624a0d006e5c3c570c1d42c403c7cc.joshvvcv.com.",
                "resource_record_type": "CNAME",
                "resource_record_value": "_e1c2227f9b70b0bddac2ffa146a7665b.xlfgrmvvlj.acm-validations.aws."
              },
              {
                "domain_name": "www.joshvvcv.com",
                "resource_record_name": "_4cc8f6c32783bf739de59bea9c3db4d7.www.joshvvcv.com.",
                "resource_record_type": "CNAME",
                "resource_record_value": "_02624108a5bd9ecb9d46a7ad78b9151f.xlfgrmvvlj.acm-validations.aws."
              }
            ],
            "early_renewal_duration": "",
            "id": "arn:aws:acm:us-east-1:731945947682:certificate/30badd39-5f30-48e4-9f8d-65f83e18c2a6",
            "key_algorithm": "RSA_2048",
            "not_after": "2026-05-14T23:59:59Z",
            "not_before": "2025-04-14T00:00:00Z",
            "options": [
              {
                "certificate_transparency_logging_preference": "ENABLED"
              }
            ],
            "pending_renewal": false,
            "private_key": null,
            "renewal_eligibility": "ELIGIBLE",
            "renewal_summary": [],
            "status": "ISSUED",
            "subject_alternative_names": [
              "api.joshvvcv.com",
              "joshvvcv.com",
              "www.joshvvcv.com"
            ],
            "tags": {},
            "tags_all": {},
            "type": "AMAZON_ISSUED",
            "validation_emails": [],
            "validation_method": "DNS",
            "validation_option": []
          },
          "sensitive_attributes": [
            [
              {
                "type": "get_attr",
                "value": "private_key"
              }
            ]
          ],
          "private": "bnVsbA=="
        }
      ]
    },
    {
      "mode": "managed",
      "type": "aws_acm_certificate_validation",
      "name": "cert_validation",
      "provider": "provider[\"registry.terraform.io/hashicorp/aws\"]",
      "instances": [
        {
          "schema_version": 0,
          "attributes": {
            "certificate_arn": "arn:aws:acm:us-east-1:731945947682:certificate/30badd39-5f30-48e4-9f8d-65f83e18c2a6",
            "id": "2025-04-14 04:40:32.173 +0000 UTC",
            "timeouts": null,
            "validation_record_fqdns": [
              "_4cc8f6c32783bf739de59bea9c3db4d7.www.joshvvcv.com",
              "_63624a0d006e5c3c570c1d42c403c7cc.joshvvcv.com",
              "_c272097b639d8f62a465135bb5e4c54c.api.joshvvcv.com"
            ]
          },
          "sensitive_attributes": [],
          "private": "eyJlMmJmYjczMC1lY2FhLTExZTYtOGY4OC0zNDM2M2JjN2M0YzAiOnsiY3JlYXRlIjo0NTAwMDAwMDAwMDAwfX0=",
          "dependencies": [
            "aws_acm_certificate.cert",
            "aws_route53_record.cert_validation",
            "aws_route53_zone.primary"
          ]
        }
      ]
    },
    {
      "mode": "managed",
      "type": "aws_cloudfront_distribution",
      "name": "cdn",
      "provider": "provider[\"registry.terraform.io/hashicorp/aws\"]",
      "instances": [
        {
          "schema_version": 1,
          "attributes": {
            "aliases": [
              "joshvvcv.com",
              "www.joshvvcv.com"
            ],
            "arn": "arn:aws:cloudfront::731945947682:distribution/ETY2OMFMWNWZA",
            "caller_reference": "terraform-20250414050521415000000001",
            "comment": "joshvvcv.com distribution",
            "custom_error_response": [],
            "default_cache_behavior": [
              {
                "allowed_methods": [
                  "DELETE",
                  "GET",
                  "HEAD",
                  "OPTIONS",
                  "PATCH",
                  "POST",
                  "PUT"
                ],
                "cache_policy_id": "",
                "cached_methods": [
                  "GET",
                  "HEAD"
                ],
                "compress": false,
                "default_ttl": 0,
                "field_level_encryption_id": "",
                "forwarded_values": [
                  {
                    "cookies": [
                      {
                        "forward": "none",
                        "whitelisted_names": []
                      }
                    ],
                    "headers": [],
                    "query_string": false,
                    "query_string_cache_keys": []
                  }
                ],
                "function_association": [],
                "lambda_function_association": [],
                "max_ttl": 0,
                "min_ttl": 0,
                "origin_request_policy_id": "",
                "realtime_log_config_arn": "",
                "response_headers_policy_id": "6b95ade2-f241-4666-822c-ae6a3f09b579",
                "smooth_streaming": false,
                "target_origin_id": "joshvvcv.com-origin",
                "trusted_key_groups": [],
                "trusted_signers": [],
                "viewer_protocol_policy": "redirect-to-https"
              }
            ],
            "default_root_object": "index.html",
            "domain_name": "d2szpph6iw1wq.cloudfront.net",
            "enabled": true,
            "etag": "ECF9V4ID9TFHF",
            "hosted_zone_id": "Z2FDTNDATAQYW2",
            "http_version": "http2and3",
            "id": "ETY2OMFMWNWZA",
            "in_progress_validation_batches": 0,
            "is_ipv6_enabled": false,
            "last_modified_time": "2025-05-20 05:30:19.191 +0000 UTC",
            "logging_config": [],
            "ordered_cache_behavior": [],
            "origin": [
              {
                "connection_attempts": 3,
                "connection_timeout": 10,
                "custom_header": [],
                "custom_origin_config": [],
                "domain_name": "joshvvcv.com.s3.amazonaws.com",
                "origin_access_control_id": "E2U8G6W26Z8BVR",
                "origin_id": "joshvvcv.com-origin",
                "origin_path": "",
                "origin_shield": [],
                "s3_origin_config": []
              }
            ],
            "origin_group": [],
            "price_class": "PriceClass_100",
            "restrictions": [
              {
                "geo_restriction": [
                  {
                    "locations": [],
                    "restriction_type": "none"
                  }
                ]
              }
            ],
            "retain_on_delete": false,
            "status": "Deployed",
            "tags": {},
            "tags_all": {},
            "trusted_key_groups": [
              {
                "enabled": false,
                "items": []
              }
            ],
            "trusted_signers": [
              {
                "enabled": false,
                "items": []
              }
            ],
            "viewer_certificate": [
              {
                "acm_certificate_arn": "arn:aws:acm:us-east-1:731945947682:certificate/30badd39-5f30-48e4-9f8d-65f83e18c2a6",
                "cloudfront_default_certificate": false,
                "iam_certificate_id": "",
                "minimum_protocol_version": "TLSv1.2_2021",
                "ssl_support_method": "sni-only"
              }
            ],
            "wait_for_deployment": true,
            "web_acl_id": ""
          },
          "sensitive_attributes": [],
          "private": "eyJzY2hlbWFfdmVyc2lvbiI6IjEifQ==",
          "dependencies": [
            "aws_acm_certificate.cert",
            "aws_cloudfront_origin_access_control.current",
            "aws_cloudfront_response_headers_policy.safe_csp",
            "aws_s3_bucket.s3"
          ]
        }
      ]
    },
    {
      "mode": "managed",
      "type": "aws_cloudfront_origin_access_control",
      "name": "current",
      "provider": "provider[\"registry.terraform.io/hashicorp/aws\"]",
      "instances": [
        {
          "schema_version": 0,
          "attributes": {
            "description": "Managed by Terraform",
            "etag": "E3UN6WX5RRO2AG",
            "id": "E2U8G6W26Z8BVR",
            "name": "OAC joshvvcv.com",
            "origin_access_control_origin_type": "s3",
            "signing_behavior": "always",
            "signing_protocol": "sigv4"
          },
          "sensitive_attributes": [],
          "private": "bnVsbA==",
          "dependencies": [
            "aws_s3_bucket.s3"
          ]
        }
      ]
    },
    {
      "mode": "managed",
      "type": "aws_cloudfront_response_headers_policy",
      "name": "safe_csp",
      "provider": "provider[\"registry.terraform.io/hashicorp/aws\"]",
      "instances": [
        {
          "schema_version": 0,
          "attributes": {
            "comment": "",
            "cors_config": [],
            "custom_headers_config": [],
            "etag": "E3UN6WX5RRO2AG",
            "id": "6b95ade2-f241-4666-822c-ae6a3f09b579",
            "name": "static-site-safe-csp",
            "remove_headers_config": [],
            "security_headers_config": [
              {
                "content_security_policy": [
                  {
                    "content_security_policy": "media-src 'self' data:; default-src 'self'; script-src 'self'; script-src-elem 'self'; style-src 'self' 'unsafe-inline' https://fonts.googleapis.com; font-src 'self' https://fonts.gstatic.com; connect-src 'self' https://api.joshvvcv.com; object-src 'none'; base-uri 'self';",
                    "override": true
                  }
                ],
                "content_type_options": [
                  {
                    "override": true
                  }
                ],
                "frame_options": [
                  {
                    "frame_option": "DENY",
                    "override": true
                  }
                ],
                "referrer_policy": [
                  {
                    "override": true,
                    "referrer_policy": "strict-origin-when-cross-origin"
                  }
                ],
                "strict_transport_security": [],
                "xss_protection": []
              }
            ],
            "server_timing_headers_config": []
          },
          "sensitive_attributes": [],
          "private": "bnVsbA=="
        }
      ]
    },
    {
      "mode": "managed",
      "type": "aws_cloudwatch_metric_alarm",
      "name": "lambda_invocation_error",
      "provider": "provider[\"registry.terraform.io/hashicorp/aws\"]",
      "instances": [
        {
          "schema_version": 1,
          "attributes": {
            "actions_enabled": true,
            "alarm_actions": [
              "arn:aws:sns:us-east-1:731945947682:joshvvcv_alerts"
            ],
            "alarm_description": "Alarm for lambda function invocation error",
            "alarm_name": "LambdaInvocationError",
            "arn": "arn:aws:cloudwatch:us-east-1:731945947682:alarm:LambdaInvocationError",
            "comparison_operator": "GreaterThanThreshold",
            "datapoints_to_alarm": 0,
            "dimensions": {
              "FunctionName": "visitor-count"
            },
            "evaluate_low_sample_count_percentiles": "",
            "evaluation_periods": 1,
            "extended_statistic": "",
            "id": "LambdaInvocationError",
            "insufficient_data_actions": [],
            "metric_name": "Errors",
            "metric_query": [],
            "namespace": "AWS/Lambda",
            "ok_actions": [],
            "period": 3600,
            "statistic": "Sum",
            "tags": {},
            "tags_all": {},
            "threshold": 1,
            "threshold_metric_id": "",
            "treat_missing_data": "missing",
            "unit": ""
          },
          "sensitive_attributes": [],
          "private": "eyJzY2hlbWFfdmVyc2lvbiI6IjEifQ==",
          "dependencies": [
            "aws_sns_topic.alert",
            "module.lambda_visitor_counter.aws_iam_role.lambda_exec_role",
            "module.lambda_visitor_counter.aws_lambda_function.visitor_counter",
            "module.lambda_visitor_counter.data.archive_file.lambda_zip",
            "module.visitor_table.aws_dynamodb_table.visitor_counter"
          ]
        }
      ]
    },
    {
      "mode": "managed",
      "type": "aws_cloudwatch_metric_alarm",
      "name": "monthly_cost_projection_20",
      "provider": "provider[\"registry.terraform.io/hashicorp/aws\"]",
      "instances": [
        {
          "schema_version": 1,
          "attributes": {
            "actions_enabled": true,
            "alarm_actions": [
              "arn:aws:sns:us-east-1:731945947682:joshvvcv_alerts"
            ],
            "alarm_description": "Triggered when monthly AWS costs projection exceeds USD 20",
            "alarm_name": "MonthlyCostProjection",
            "arn": "arn:aws:cloudwatch:us-east-1:731945947682:alarm:MonthlyCostProjection",
            "comparison_operator": "GreaterThanThreshold",
            "datapoints_to_alarm": 0,
            "dimensions": {},
            "evaluate_low_sample_count_percentiles": "",
            "evaluation_periods": 1,
            "extended_statistic": "",
            "id": "MonthlyCostProjection",
            "insufficient_data_actions": [],
            "metric_name": "EstimatedCharges",
            "metric_query": [],
            "namespace": "AWS/Billing",
            "ok_actions": [],
            "period": 43200,
            "statistic": "Maximum",
            "tags": {},
            "tags_all": {},
            "threshold": 20,
            "threshold_metric_id": "",
            "treat_missing_data": "missing",
            "unit": ""
          },
          "sensitive_attributes": [],
          "private": "eyJzY2hlbWFfdmVyc2lvbiI6IjEifQ==",
          "dependencies": [
            "aws_sns_topic.alert"
          ]
        }
      ]
    },
    {
      "mode": "managed",
      "type": "aws_route53_record",
      "name": "api",
      "provider": "provider[\"registry.terraform.io/hashicorp/aws\"]",
      "instances": [
        {
          "schema_version": 2,
          "attributes": {
            "alias": [
              {
                "evaluate_target_health": false,
                "name": "d-n429tuuofc.execute-api.us-east-1.amazonaws.com",
                "zone_id": "Z1UJRXOUMOOFQ8"
              }
            ],
            "allow_overwrite": null,
            "cidr_routing_policy": [],
            "failover_routing_policy": [],
            "fqdn": "api.joshvvcv.com",
            "geolocation_routing_policy": [],
            "health_check_id": "",
            "id": "Z045138939V9ZXCN9Y933_api.joshvvcv.com_A",
            "latency_routing_policy": [],
            "multivalue_answer_routing_policy": false,
            "name": "api.joshvvcv.com",
            "records": [],
            "set_identifier": "",
            "ttl": 0,
            "type": "A",
            "weighted_routing_policy": [],
            "zone_id": "Z045138939V9ZXCN9Y933"
          },
          "sensitive_attributes": [],
          "private": "eyJzY2hlbWFfdmVyc2lvbiI6IjIifQ==",
          "dependencies": [
            "aws_route53_zone.primary",
            "module.lambda_visitor_counter.aws_apigatewayv2_domain_name.custom_d",
            "module.lambda_visitor_counter.data.aws_acm_certificate.cert"
          ]
        }
      ]
    },
    {
      "mode": "managed",
      "type": "aws_route53_record",
      "name": "cert_validation",
      "provider": "provider[\"registry.terraform.io/hashicorp/aws\"]",
      "instances": [
        {
          "index_key": "api.joshvvcv.com",
          "schema_version": 2,
          "attributes": {
            "alias": [],
            "allow_overwrite": true,
            "cidr_routing_policy": [],
            "failover_routing_policy": [],
            "fqdn": "_c272097b639d8f62a465135bb5e4c54c.api.joshvvcv.com",
            "geolocation_routing_policy": [],
            "health_check_id": "",
            "id": "Z045138939V9ZXCN9Y933__c272097b639d8f62a465135bb5e4c54c.api.joshvvcv.com._CNAME",
            "latency_routing_policy": [],
            "multivalue_answer_routing_policy": false,
            "name": "_c272097b639d8f62a465135bb5e4c54c.api.joshvvcv.com",
            "records": [
              "_a7c2d772073afe4ab0bac0608e0bf346.xlfgrmvvlj.acm-validations.aws."
            ],
            "set_identifier": "",
            "ttl": 60,
            "type": "CNAME",
            "weighted_routing_policy": [],
            "zone_id": "Z045138939V9ZXCN9Y933"
          },
          "sensitive_attributes": [],
          "private": "eyJzY2hlbWFfdmVyc2lvbiI6IjIifQ==",
          "dependencies": [
            "aws_acm_certificate.cert",
            "aws_route53_zone.primary"
          ]
        },
        {
          "index_key": "joshvvcv.com",
          "schema_version": 2,
          "attributes": {
            "alias": [],
            "allow_overwrite": true,
            "cidr_routing_policy": [],
            "failover_routing_policy": [],
            "fqdn": "_63624a0d006e5c3c570c1d42c403c7cc.joshvvcv.com",
            "geolocation_routing_policy": [],
            "health_check_id": "",
            "id": "Z045138939V9ZXCN9Y933__63624a0d006e5c3c570c1d42c403c7cc.joshvvcv.com._CNAME",
            "latency_routing_policy": [],
            "multivalue_answer_routing_policy": false,
            "name": "_63624a0d006e5c3c570c1d42c403c7cc.joshvvcv.com",
            "records": [
              "_e1c2227f9b70b0bddac2ffa146a7665b.xlfgrmvvlj.acm-validations.aws."
            ],
            "set_identifier": "",
            "ttl": 60,
            "type": "CNAME",
            "weighted_routing_policy": [],
            "zone_id": "Z045138939V9ZXCN9Y933"
          },
          "sensitive_attributes": [],
          "private": "eyJzY2hlbWFfdmVyc2lvbiI6IjIifQ==",
          "dependencies": [
            "aws_acm_certificate.cert",
            "aws_route53_zone.primary"
          ]
        },
        {
          "index_key": "www.joshvvcv.com",
          "schema_version": 2,
          "attributes": {
            "alias": [],
            "allow_overwrite": true,
            "cidr_routing_policy": [],
            "failover_routing_policy": [],
            "fqdn": "_4cc8f6c32783bf739de59bea9c3db4d7.www.joshvvcv.com",
            "geolocation_routing_policy": [],
            "health_check_id": "",
            "id": "Z045138939V9ZXCN9Y933__4cc8f6c32783bf739de59bea9c3db4d7.www.joshvvcv.com._CNAME",
            "latency_routing_policy": [],
            "multivalue_answer_routing_policy": false,
            "name": "_4cc8f6c32783bf739de59bea9c3db4d7.www.joshvvcv.com",
            "records": [
              "_02624108a5bd9ecb9d46a7ad78b9151f.xlfgrmvvlj.acm-validations.aws."
            ],
            "set_identifier": "",
            "ttl": 60,
            "type": "CNAME",
            "weighted_routing_policy": [],
            "zone_id": "Z045138939V9ZXCN9Y933"
          },
          "sensitive_attributes": [],
          "private": "eyJzY2hlbWFfdmVyc2lvbiI6IjIifQ==",
          "dependencies": [
            "aws_acm_certificate.cert",
            "aws_route53_zone.primary"
          ]
        }
      ]
    },
    {
      "mode": "managed",
      "type": "aws_route53_record",
      "name": "root",
      "provider": "provider[\"registry.terraform.io/hashicorp/aws\"]",
      "instances": [
        {
          "schema_version": 2,
          "attributes": {
            "alias": [
              {
                "evaluate_target_health": false,
                "name": "d2szpph6iw1wq.cloudfront.net",
                "zone_id": "Z2FDTNDATAQYW2"
              }
            ],
            "allow_overwrite": null,
            "cidr_routing_policy": [],
            "failover_routing_policy": [],
            "fqdn": "joshvvcv.com",
            "geolocation_routing_policy": [],
            "health_check_id": "",
            "id": "Z045138939V9ZXCN9Y933_joshvvcv.com_A",
            "latency_routing_policy": [],
            "multivalue_answer_routing_policy": false,
            "name": "joshvvcv.com",
            "records": [],
            "set_identifier": "",
            "ttl": 0,
            "type": "A",
            "weighted_routing_policy": [],
            "zone_id": "Z045138939V9ZXCN9Y933"
          },
          "sensitive_attributes": [],
          "private": "eyJzY2hlbWFfdmVyc2lvbiI6IjIifQ==",
          "dependencies": [
            "aws_acm_certificate.cert",
            "aws_cloudfront_distribution.cdn",
            "aws_cloudfront_origin_access_control.current",
            "aws_cloudfront_response_headers_policy.safe_csp",
            "aws_route53_zone.primary",
            "aws_s3_bucket.s3"
          ]
        }
      ]
    },
    {
      "mode": "managed",
      "type": "aws_route53_record",
      "name": "www",
      "provider": "provider[\"registry.terraform.io/hashicorp/aws\"]",
      "instances": [
        {
          "schema_version": 2,
          "attributes": {
            "alias": [
              {
                "evaluate_target_health": false,
                "name": "d2szpph6iw1wq.cloudfront.net",
                "zone_id": "Z2FDTNDATAQYW2"
              }
            ],
            "allow_overwrite": null,
            "cidr_routing_policy": [],
            "failover_routing_policy": [],
            "fqdn": "www.joshvvcv.com",
            "geolocation_routing_policy": [],
            "health_check_id": "",
            "id": "Z045138939V9ZXCN9Y933_www.joshvvcv.com_A",
            "latency_routing_policy": [],
            "multivalue_answer_routing_policy": false,
            "name": "www.joshvvcv.com",
            "records": [],
            "set_identifier": "",
            "ttl": 0,
            "type": "A",
            "weighted_routing_policy": [],
            "zone_id": "Z045138939V9ZXCN9Y933"
          },
          "sensitive_attributes": [],
          "private": "eyJzY2hlbWFfdmVyc2lvbiI6IjIifQ==",
          "dependencies": [
            "aws_acm_certificate.cert",
            "aws_cloudfront_distribution.cdn",
            "aws_cloudfront_origin_access_control.current",
            "aws_cloudfront_response_headers_policy.safe_csp",
            "aws_route53_zone.primary",
            "aws_s3_bucket.s3"
          ]
        }
      ]
    },
    {
      "mode": "managed",
      "type": "aws_route53_zone",
      "name": "primary",
      "provider": "provider[\"registry.terraform.io/hashicorp/aws\"]",
      "instances": [
        {
          "schema_version": 0,
          "attributes": {
            "arn": "arn:aws:route53:::hostedzone/Z045138939V9ZXCN9Y933",
            "comment": "Managed by Terraform",
            "delegation_set_id": "",
            "force_destroy": false,
            "id": "Z045138939V9ZXCN9Y933",
            "name": "joshvvcv.com",
            "name_servers": [
              "ns-1421.awsdns-49.org",
              "ns-1680.awsdns-18.co.uk",
              "ns-408.awsdns-51.com",
              "ns-914.awsdns-50.net"
            ],
            "primary_name_server": "ns-408.awsdns-51.com",
            "tags": {},
            "tags_all": {},
            "vpc": [],
            "zone_id": "Z045138939V9ZXCN9Y933"
          },
          "sensitive_attributes": [],
          "private": "bnVsbA=="
        }
      ]
    },
    {
      "mode": "managed",
      "type": "aws_s3_bucket",
      "name": "s3",
      "provider": "provider[\"registry.terraform.io/hashicorp/aws\"]",
      "instances": [
        {
          "schema_version": 0,
          "attributes": {
            "acceleration_status": "",
            "acl": null,
            "arn": "arn:aws:s3:::joshvvcv.com",
            "bucket": "joshvvcv.com",
            "bucket_domain_name": "joshvvcv.com.s3.amazonaws.com",
            "bucket_prefix": "",
            "bucket_regional_domain_name": "joshvvcv.com.s3.amazonaws.com",
            "cors_rule": [],
            "force_destroy": false,
            "grant": [
              {
                "id": "b2cfb8ec24ef7f2875dda2d03a6dbc4eac267f61a1117621f7f1ca990ded916e",
                "permissions": [
                  "FULL_CONTROL"
                ],
                "type": "CanonicalUser",
                "uri": ""
              }
            ],
            "hosted_zone_id": "Z3AQBSTGFYJSTF",
            "id": "joshvvcv.com",
            "lifecycle_rule": [],
            "logging": [],
            "object_lock_configuration": [],
            "object_lock_enabled": false,
            "policy": "{\"Statement\":[{\"Action\":\"s3:GetObject\",\"Condition\":{\"StringEquals\":{\"AWS:SourceArn\":\"arn:aws:cloudfront::731945947682:distribution/ETY2OMFMWNWZA\"}},\"Effect\":\"Allow\",\"Principal\":{\"Service\":\"cloudfront.amazonaws.com\"},\"Resource\":\"arn:aws:s3:::joshvvcv.com/*\"}],\"Version\":\"2012-10-17\"}",
            "region": "us-east-1",
            "replication_configuration": [],
            "request_payer": "BucketOwner",
            "server_side_encryption_configuration": [
              {
                "rule": [
                  {
                    "apply_server_side_encryption_by_default": [
                      {
                        "kms_master_key_id": "",
                        "sse_algorithm": "AES256"
                      }
                    ],
                    "bucket_key_enabled": false
                  }
                ]
              }
            ],
            "tags": {},
            "tags_all": {},
            "timeouts": null,
            "versioning": [
              {
                "enabled": false,
                "mfa_delete": false
              }
            ],
            "website": [
              {
                "error_document": "",
                "index_document": "index.html",
                "redirect_all_requests_to": "",
                "routing_rules": ""
              }
            ],
            "website_domain": "s3-website-us-east-1.amazonaws.com",
            "website_endpoint": "joshvvcv.com.s3-website-us-east-1.amazonaws.com"
          },
          "sensitive_attributes": [],
          "private": "eyJlMmJmYjczMC1lY2FhLTExZTYtOGY4OC0zNDM2M2JjN2M0YzAiOnsiY3JlYXRlIjoxMjAwMDAwMDAwMDAwLCJkZWxldGUiOjM2MDAwMDAwMDAwMDAsInJlYWQiOjEyMDAwMDAwMDAwMDAsInVwZGF0ZSI6MTIwMDAwMDAwMDAwMH19"
        }
      ]
    },
    {
      "mode": "managed",
      "type": "aws_s3_bucket_acl",
      "name": "acl",
      "provider": "provider[\"registry.terraform.io/hashicorp/aws\"]",
      "instances": [
        {
          "schema_version": 0,
          "attributes": {
            "access_control_policy": [
              {
                "grant": [
                  {
                    "grantee": [
                      {
                        "display_name": "bpgrady",
                        "email_address": "",
                        "id": "b2cfb8ec24ef7f2875dda2d03a6dbc4eac267f61a1117621f7f1ca990ded916e",
                        "type": "CanonicalUser",
                        "uri": ""
                      }
                    ],
                    "permission": "FULL_CONTROL"
                  }
                ],
                "owner": [
                  {
                    "display_name": "bpgrady",
                    "id": "b2cfb8ec24ef7f2875dda2d03a6dbc4eac267f61a1117621f7f1ca990ded916e"
                  }
                ]
              }
            ],
            "acl": "private",
            "bucket": "joshvvcv.com",
            "expected_bucket_owner": "",
            "id": "joshvvcv.com,private"
          },
          "sensitive_attributes": [],
          "private": "bnVsbA==",
          "dependencies": [
            "aws_s3_bucket.s3",
            "aws_s3_bucket_ownership_controls.ownership"
          ]
        }
      ]
    },
    {
      "mode": "managed",
      "type": "aws_s3_bucket_object",
      "name": "object",
      "provider": "provider[\"registry.terraform.io/hashicorp/aws\"]",
      "instances": [
        {
          "schema_version": 0,
          "attributes": {
            "acl": "public-read",
            "bucket": "joshvvcv.com",
            "bucket_key_enabled": false,
            "cache_control": "",
            "content": null,
            "content_base64": null,
            "content_disposition": "",
            "content_encoding": "",
            "content_language": "",
            "content_type": "text/html",
            "etag": "690337d9c1db18f994b36dbfdc339511",
            "force_destroy": false,
            "id": "index.html",
            "key": "index.html",
            "kms_key_id": null,
            "metadata": {},
            "object_lock_legal_hold_status": "",
            "object_lock_mode": "",
            "object_lock_retain_until_date": "",
            "server_side_encryption": "AES256",
            "source": "./index.html",
            "source_hash": null,
            "storage_class": "STANDARD",
            "tags": {},
            "tags_all": {},
            "version_id": "",
            "website_redirect": ""
          },
          "sensitive_attributes": [],
          "private": "bnVsbA==",
          "dependencies": [
            "aws_s3_bucket.s3"
          ]
        }
      ]
    },
    {
      "mode": "managed",
      "type": "aws_s3_bucket_object",
      "name": "object1",
      "provider": "provider[\"registry.terraform.io/hashicorp/aws\"]",
      "instances": [
        {
          "schema_version": 0,
          "attributes": {
            "acl": "public-read",
            "bucket": "joshvvcv.com",
            "bucket_key_enabled": false,
            "cache_control": "",
            "content": null,
            "content_base64": null,
            "content_disposition": "",
            "content_encoding": "",
            "content_language": "",
            "content_type": "application/javascript",
            "etag": "f93c38396ac1324513f92601ca5f353f",
            "force_destroy": false,
            "id": "visitor.js",
            "key": "visitor.js",
            "kms_key_id": null,
            "metadata": null,
            "object_lock_legal_hold_status": "",
            "object_lock_mode": "",
            "object_lock_retain_until_date": "",
            "server_side_encryption": "AES256",
            "source": "./visitor.js",
            "source_hash": null,
            "storage_class": "STANDARD",
            "tags": null,
            "tags_all": {},
            "version_id": "",
            "website_redirect": ""
          },
          "sensitive_attributes": [],
          "private": "bnVsbA==",
          "dependencies": [
            "aws_s3_bucket.s3"
          ]
        }
      ]
    },
    {
      "mode": "managed",
      "type": "aws_s3_bucket_ownership_controls",
      "name": "ownership",
      "provider": "provider[\"registry.terraform.io/hashicorp/aws\"]",
      "instances": [
        {
          "schema_version": 0,
          "attributes": {
            "bucket": "joshvvcv.com",
            "id": "joshvvcv.com",
            "rule": [
              {
                "object_ownership": "BucketOwnerPreferred"
              }
            ]
          },
          "sensitive_attributes": [],
          "private": "bnVsbA==",
          "dependencies": [
            "aws_s3_bucket.s3"
          ]
        }
      ]
    },
    {
      "mode": "managed",
      "type": "aws_s3_bucket_policy",
      "name": "bucket_policy",
      "provider": "provider[\"registry.terraform.io/hashicorp/aws\"]",
      "instances": [
        {
          "schema_version": 0,
          "attributes": {
            "bucket": "joshvvcv.com",
            "id": "joshvvcv.com",
            "policy": "{\"Statement\":[{\"Action\":\"s3:GetObject\",\"Condition\":{\"StringEquals\":{\"AWS:SourceArn\":\"arn:aws:cloudfront::731945947682:distribution/ETY2OMFMWNWZA\"}},\"Effect\":\"Allow\",\"Principal\":{\"Service\":\"cloudfront.amazonaws.com\"},\"Resource\":\"arn:aws:s3:::joshvvcv.com/*\"}],\"Version\":\"2012-10-17\"}"
          },
          "sensitive_attributes": [],
          "private": "bnVsbA==",
          "dependencies": [
            "aws_acm_certificate.cert",
            "aws_cloudfront_distribution.cdn",
            "aws_cloudfront_origin_access_control.current",
            "aws_cloudfront_response_headers_policy.safe_csp",
            "aws_s3_bucket.s3"
          ]
        }
      ]
    },
    {
      "mode": "managed",
      "type": "aws_s3_bucket_public_access_block",
      "name": "pb",
      "provider": "provider[\"registry.terraform.io/hashicorp/aws\"]",
      "instances": [
        {
          "schema_version": 0,
          "attributes": {
            "block_public_acls": false,
            "block_public_policy": false,
            "bucket": "joshvvcv.com",
            "id": "joshvvcv.com",
            "ignore_public_acls": false,
            "restrict_public_buckets": false
          },
          "sensitive_attributes": [],
          "private": "bnVsbA==",
          "dependencies": [
            "aws_s3_bucket.s3"
          ]
        }
      ]
    },
    {
      "mode": "managed",
      "type": "aws_sns_topic",
      "name": "alert",
      "provider": "provider[\"registry.terraform.io/hashicorp/aws\"]",
      "instances": [
        {
          "schema_version": 0,
          "attributes": {
            "application_failure_feedback_role_arn": "",
            "application_success_feedback_role_arn": "",
            "application_success_feedback_sample_rate": 0,
            "arn": "arn:aws:sns:us-east-1:731945947682:joshvvcv_alerts",
            "content_based_deduplication": false,
            "delivery_policy": "",
            "display_name": "",
            "fifo_topic": false,
            "firehose_failure_feedback_role_arn": "",
            "firehose_success_feedback_role_arn": "",
            "firehose_success_feedback_sample_rate": 0,
            "http_failure_feedback_role_arn": "",
            "http_success_feedback_role_arn": "",
            "http_success_feedback_sample_rate": 0,
            "id": "arn:aws:sns:us-east-1:731945947682:joshvvcv_alerts",
            "kms_master_key_id": "",
            "lambda_failure_feedback_role_arn": "",
            "lambda_success_feedback_role_arn": "",
            "lambda_success_feedback_sample_rate": 0,
            "name": "joshvvcv_alerts",
            "name_prefix": "",
            "owner": "731945947682",
            "policy": "{\"Id\":\"__default_policy_ID\",\"Statement\":[{\"Action\":[\"SNS:GetTopicAttributes\",\"SNS:SetTopicAttributes\",\"SNS:AddPermission\",\"SNS:RemovePermission\",\"SNS:DeleteTopic\",\"SNS:Subscribe\",\"SNS:ListSubscriptionsByTopic\",\"SNS:Publish\"],\"Condition\":{\"StringEquals\":{\"AWS:SourceOwner\":\"731945947682\"}},\"Effect\":\"Allow\",\"Principal\":{\"AWS\":\"*\"},\"Resource\":\"arn:aws:sns:us-east-1:731945947682:joshvvcv_alerts\",\"Sid\":\"__default_statement_ID\"}],\"Version\":\"2008-10-17\"}",
            "signature_version": 0,
            "sqs_failure_feedback_role_arn": "",
            "sqs_success_feedback_role_arn": "",
            "sqs_success_feedback_sample_rate": 0,
            "tags": {},
            "tags_all": {},
            "tracing_config": ""
          },
          "sensitive_attributes": [],
          "private": "bnVsbA=="
        }
      ]
    },
    {
      "mode": "managed",
      "type": "aws_sns_topic_subscription",
      "name": "alerts_email_josh",
      "provider": "provider[\"registry.terraform.io/hashicorp/aws\"]",
      "instances": [
        {
          "schema_version": 0,
          "attributes": {
            "arn": "arn:aws:sns:us-east-1:731945947682:joshvvcv_alerts:b66dd382-b4d8-45c3-b69e-7b3925d10034",
            "confirmation_timeout_in_minutes": 1,
            "confirmation_was_authenticated": false,
            "delivery_policy": "",
            "endpoint": "astraljv@gmail.com",
            "endpoint_auto_confirms": false,
            "filter_policy": "",
            "filter_policy_scope": "",
            "id": "arn:aws:sns:us-east-1:731945947682:joshvvcv_alerts:b66dd382-b4d8-45c3-b69e-7b3925d10034",
            "owner_id": "731945947682",
            "pending_confirmation": false,
            "protocol": "email",
            "raw_message_delivery": false,
            "redrive_policy": "",
            "subscription_role_arn": "",
            "topic_arn": "arn:aws:sns:us-east-1:731945947682:joshvvcv_alerts"
          },
          "sensitive_attributes": [],
          "private": "bnVsbA==",
          "dependencies": [
            "aws_sns_topic.alert"
          ]
        }
      ]
    },
    {
      "module": "module.lambda_visitor_counter",
      "mode": "data",
      "type": "archive_file",
      "name": "lambda_zip",
      "provider": "provider[\"registry.terraform.io/hashicorp/archive\"]",
      "instances": [
        {
          "schema_version": 0,
          "attributes": {
            "exclude_symlink_directories": null,
            "excludes": null,
            "id": "2af47f27af6a7d210351d98dc6864d57230ef4a8",
            "output_base64sha256": "5lVZY80OrG+NsiemN7huPTW/QavPZk4d4I7BbR23bLA=",
            "output_base64sha512": "0q+Ro3PlLBtj82P+32vtC3+iEjucfdbd6UcBbAoYCI79O9s/XylWTAAAHPP1tdCt1qB1Hi2SPu+n9tb6xxLhsA==",
            "output_file_mode": null,
            "output_md5": "0b1025f4974049a3ffc14f85ade89820",
            "output_path": "function/lambda_function.zip",
            "output_sha": "2af47f27af6a7d210351d98dc6864d57230ef4a8",
            "output_sha256": "e6555963cd0eac6f8db227a637b86e3d35bf41abcf664e1de08ec16d1db76cb0",
            "output_sha512": "d2af91a373e52c1b63f363fedf6bed0b7fa2123b9c7dd6dde947016c0a18088efd3bdb3f5f29564c00001cf3f5b5d0add6a0751e2d923eefa7f6d6fac712e1b0",
            "output_size": 634,
            "source": [],
            "source_content": null,
            "source_content_filename": null,
            "source_dir": "function/lambda_function",
            "source_file": null,
            "type": "zip"
          },
          "sensitive_attributes": []
        }
      ]
    },
    {
      "module": "module.lambda_visitor_counter",
      "mode": "data",
      "type": "aws_acm_certificate",
      "name": "cert",
      "provider": "provider[\"registry.terraform.io/hashicorp/aws\"]",
      "instances": [
        {
          "schema_version": 0,
          "attributes": {
            "arn": "arn:aws:acm:us-east-1:731945947682:certificate/30badd39-5f30-48e4-9f8d-65f83e18c2a6",
            "certificate": "-----BEGIN CERTIFICATE-----\nMIIF6TCCBNGgAwIBAgIQB0ddbWYQWC8Y3wcNSFBpXjANBgkqhkiG9w0BAQsFADA8\nMQswCQYDVQQGEwJVUzEPMA0GA1UEChMGQW1hem9uMRwwGgYDVQQDExNBbWF6b24g\nUlNBIDIwNDggTTA0MB4XDTI1MDQxNDAwMDAwMFoXDTI2MDUxNDIzNTk1OVowFzEV\nMBMGA1UEAxMMam9zaHZ2Y3YuY29tMIIBIjANBgkqhkiG9w0BAQEFAAOCAQ8AMIIB\nCgKCAQEArXU4U8UYEiwifS/UdXnEZXEOKYF+jsVpqC9OhJ5Vr+aBdyTRN4Fqoamd\n0FBiNHAYTNh9xesfUSVegDmF/yXDMHl+Y0SoyXFOcZqcr8yfyju5I7KYdMTW5Q8K\n24u6G7W67athMSOqROVjZ4QHgMvx7UpAZFLOyKsLxq6XTji9PDFIR3GemZIcBWr5\nSYbdzrZTGa6wY/iKV1CilKJnqtSfqpoi9tRVJQOI+Z1SY9vA2n5IBuKj1CMj86As\nBDzF9D/WC8wOE0YnS7N/sgYy/1IC5ela2N0anj7MZUg4q2qLOO4HfH97TT9MvRDJ\nyubfo/Eba0VnbEIqrj27LTI6nlivPwIDAQABo4IDCjCCAwYwHwYDVR0jBBgwFoAU\nH1KSYVaCVH+BZtgdPQqqMlyH3QgwHQYDVR0OBBYEFFHvYabUH7cqUJb0GzJ01M4k\nqHPtMDsGA1UdEQQ0MDKCDGpvc2h2dmN2LmNvbYIQd3d3Lmpvc2h2dmN2LmNvbYIQ\nYXBpLmpvc2h2dmN2LmNvbTATBgNVHSAEDDAKMAgGBmeBDAECATAOBgNVHQ8BAf8E\nBAMCBaAwHQYDVR0lBBYwFAYIKwYBBQUHAwEGCCsGAQUFBwMCMDsGA1UdHwQ0MDIw\nMKAuoCyGKmh0dHA6Ly9jcmwucjJtMDQuYW1hem9udHJ1c3QuY29tL3IybTA0LmNy\nbDB1BggrBgEFBQcBAQRpMGcwLQYIKwYBBQUHMAGGIWh0dHA6Ly9vY3NwLnIybTA0\nLmFtYXpvbnRydXN0LmNvbTA2BggrBgEFBQcwAoYqaHR0cDovL2NydC5yMm0wNC5h\nbWF6b250cnVzdC5jb20vcjJtMDQuY2VyMAwGA1UdEwEB/wQCMAAwggF/BgorBgEE\nAdZ5AgQCBIIBbwSCAWsBaQB3AJaXZL9VWJet90OHaDcIQnfp8DrV9qTzNm5GpD8P\nyqnGAAABljKZSbwAAAQDAEgwRgIhANf76gyw/eyBqsvxCSdLRawc3734iDdTpGkq\n3i+ObBPIAiEAxcDMw4Fqa/m02aNhFXDL8fyx+Dzf8+oxORUJAPFntb0AdgBkEcRs\npBLsp4kcogIuALyrTygH1B41J6vq/tUDyX3N8AAAAZYymUnDAAAEAwBHMEUCIEGv\nN2hHZn2cd1/EysoyEd2SUbDAUoZssiYhBqBvXvveAiEAl+iXXwlX1ghib6xfixez\nLtPqBxTlpH4HcE5z26HPgeoAdgBJnJtp3h187Pw23s2HZKa4W68Kh4AZ0VVS++nr\nKd34wwAAAZYymUnSAAAEAwBHMEUCIDKSD/SRLZQULsitzJoMYY8K2hxiW8t/3KWS\n0MNHCyTDAiEAveOVx5U2NY8CN+zStQtifOL2Y7/49Jsu7tKHGFsNjW0wDQYJKoZI\nhvcNAQELBQADggEBACGnUBryj8t0OLYGYOwgvZhKpo67bF5tqAV5MmWDVdlIT61A\nu5rviuR0MhgiTeM+DGIU0ZhF24Wn2qXif1NZZQHVoiGMdhK1au3qBum8VmNc1kyj\nHwbz53yZhsvCJI+7n2qBazbciXcsyWSGPtE2Wb6EeHyoTXM2vrY3393ezmxL71U0\nyKDRWRTiRZSJjkCv9G79sceXdowPhvCh0tvBtTvm/wriA/bxoqfKtkCqT/Ot3XhY\nhEE1i/UcWNTJyd/b73v68+uXiQHpf1L60FbZd8vqZK1sUYTWBXCc15X8qVFU6l17\nleNKfP2LynUPvrfh/+gTe4Cwa14DHokt7ZofnMU=\n-----END CERTIFICATE-----\n",
            "certificate_chain": "-----BEGIN CERTIFICATE-----\nMIIEXjCCA0agAwIBAgITB3MSTyqVLj7Rili9uF0bwM5fJzANBgkqhkiG9w0BAQsF\nADA5MQswCQYDVQQGEwJVUzEPMA0GA1UEChMGQW1hem9uMRkwFwYDVQQDExBBbWF6\nb24gUm9vdCBDQSAxMB4XDTIyMDgyMzIyMjYzNVoXDTMwMDgyMzIyMjYzNVowPDEL\nMAkGA1UEBhMCVVMxDzANBgNVBAoTBkFtYXpvbjEcMBoGA1UEAxMTQW1hem9uIFJT\nQSAyMDQ4IE0wNDCCASIwDQYJKoZIhvcNAQEBBQADggEPADCCAQoCggEBAM3pVR6A\nlQOp4xe776FdePXyejgA38mYx1ou9/jrpV6Sfn+/oqBKgwhY6ePsQHHQayWBJdBn\nv4Wz363qRI4XUh9swBFJ11TnZ3LqOMvHmWq2+loA0QPtOfXdJ2fHBLrBrngtJ/GB\n0p5olAVYrSZgvQGP16Rf8ddtNyxEEhYm3HuhmNi+vSeAq1tLYJPAvRCXonTpWdSD\nxY6hvdmxlqTYi82AtBXSfpGQ58HHM0hw0C6aQakghrwWi5fGslLOqzpimNMIsT7c\nqa0GJx6JfKqJqmQQNplO2h8n9ZsFJgBowof01ppdoLAWg6caMOM0om/VILKaa30F\n9W/r8Qjah7ltGVkCAwEAAaOCAVowggFWMBIGA1UdEwEB/wQIMAYBAf8CAQAwDgYD\nVR0PAQH/BAQDAgGGMB0GA1UdJQQWMBQGCCsGAQUFBwMBBggrBgEFBQcDAjAdBgNV\nHQ4EFgQUH1KSYVaCVH+BZtgdPQqqMlyH3QgwHwYDVR0jBBgwFoAUhBjMhTTsvAyU\nlC4IWZzHshBOCggwewYIKwYBBQUHAQEEbzBtMC8GCCsGAQUFBzABhiNodHRwOi8v\nb2NzcC5yb290Y2ExLmFtYXpvbnRydXN0LmNvbTA6BggrBgEFBQcwAoYuaHR0cDov\nL2NydC5yb290Y2ExLmFtYXpvbnRydXN0LmNvbS9yb290Y2ExLmNlcjA/BgNVHR8E\nODA2MDSgMqAwhi5odHRwOi8vY3JsLnJvb3RjYTEuYW1hem9udHJ1c3QuY29tL3Jv\nb3RjYTEuY3JsMBMGA1UdIAQMMAowCAYGZ4EMAQIBMA0GCSqGSIb3DQEBCwUAA4IB\nAQA+1O5UsAaNuW3lHzJtpNGwBnZd9QEYFtxpiAnIaV4qApnGS9OCw5ZPwie7YSlD\nZF5yyFPsFhUC2Q9uJHY/CRV1b5hIiGH0+6+w5PgKiY1MWuWT8VAaJjFxvuhM7a/e\nfN2TIw1Wd6WCl6YRisunjQOrSP+unqC8A540JNyZ1JOE3jVqat3OZBGgMvihdj2w\nY23EpwesrKiQzkHzmvSH67PVW4ycbPy08HVZnBxZ5NrlGG9bwXR3fNTaz+c+Ej6c\n5AnwI3qkOFgSkg3Y75cdFz6pO/olK+e3AqygAcv0WjzmkDPuBjssuZjCHMC56oH3\nGJkV29Di2j5prHJbwZjG1inU\n-----END CERTIFICATE-----\n-----BEGIN CERTIFICATE-----\nMIIEkjCCA3qgAwIBAgITBn+USionzfP6wq4rAfkI7rnExjANBgkqhkiG9w0BAQsF\nADCBmDELMAkGA1UEBhMCVVMxEDAOBgNVBAgTB0FyaXpvbmExEzARBgNVBAcTClNj\nb3R0c2RhbGUxJTAjBgNVBAoTHFN0YXJmaWVsZCBUZWNobm9sb2dpZXMsIEluYy4x\nOzA5BgNVBAMTMlN0YXJmaWVsZCBTZXJ2aWNlcyBSb290IENlcnRpZmljYXRlIEF1\ndGhvcml0eSAtIEcyMB4XDTE1MDUyNTEyMDAwMFoXDTM3MTIzMTAxMDAwMFowOTEL\nMAkGA1UEBhMCVVMxDzANBgNVBAoTBkFtYXpvbjEZMBcGA1UEAxMQQW1hem9uIFJv\nb3QgQ0EgMTCCASIwDQYJKoZIhvcNAQEBBQADggEPADCCAQoCggEBALJ4gHHKeNXj\nca9HgFB0fW7Y14h29Jlo91ghYPl0hAEvrAIthtOgQ3pOsqTQNroBvo3bSMgHFzZM\n9O6II8c+6zf1tRn4SWiw3te5djgdYZ6k/oI2peVKVuRF4fn9tBb6dNqcmzU5L/qw\nIFAGbHrQgLKm+a/sRxmPUDgH3KKHOVj4utWp+UhnMJbulHheb4mjUcAwhmahRWa6\nVOujw5H5SNz/0egwLX0tdHA114gk957EWW67c4cX8jJGKLhD+rcdqsq08p8kDi1L\n93FcXmn/6pUCyziKrlA4b9v7LWIbxcceVOF34GfID5yHI9Y/QCB/IIDEgEw+OyQm\njgSubJrIqg0CAwEAAaOCATEwggEtMA8GA1UdEwEB/wQFMAMBAf8wDgYDVR0PAQH/\nBAQDAgGGMB0GA1UdDgQWBBSEGMyFNOy8DJSULghZnMeyEE4KCDAfBgNVHSMEGDAW\ngBScXwDfqgHXMCs4iKK4bUqc8hGRgzB4BggrBgEFBQcBAQRsMGowLgYIKwYBBQUH\nMAGGImh0dHA6Ly9vY3NwLnJvb3RnMi5hbWF6b250cnVzdC5jb20wOAYIKwYBBQUH\nMAKGLGh0dHA6Ly9jcnQucm9vdGcyLmFtYXpvbnRydXN0LmNvbS9yb290ZzIuY2Vy\nMD0GA1UdHwQ2MDQwMqAwoC6GLGh0dHA6Ly9jcmwucm9vdGcyLmFtYXpvbnRydXN0\nLmNvbS9yb290ZzIuY3JsMBEGA1UdIAQKMAgwBgYEVR0gADANBgkqhkiG9w0BAQsF\nAAOCAQEAYjdCXLwQtT6LLOkMm2xF4gcAevnFWAu5CIw+7bMlPLVvUOTNNWqnkzSW\nMiGpSESrnO09tKpzbeR/FoCJbM8oAxiDR3mjEH4wW6w7sGDgd9QIpuEdfF7Au/ma\neyKdpwAJfqxGF4PcnCZXmTA5YpaP7dreqsXMGz7KQ2hsVxa81Q4gLv7/wmpdLqBK\nbRRYh5TmOTFffHPLkIhqhBGWJ6bt2YFGpn6jcgAKUj6DiAdjd4lpFw85hdKrCEVN\n0FE6/V1dN2RMfjCyVSRCnTawXZwXgWHxyvkQAiSr6w10kY17RSlQOYiypok1JR4U\nakcjMS9cmvqtmg5iUaQqqcT5NJ0hGA==\n-----END CERTIFICATE-----\n",
            "domain": "joshvvcv.com",
            "id": "arn:aws:acm:us-east-1:731945947682:certificate/30badd39-5f30-48e4-9f8d-65f83e18c2a6",
            "key_types": null,
            "most_recent": true,
            "status": "ISSUED",
            "statuses": [
              "ISSUED"
            ],
            "tags": {},
            "types": null
          },
          "sensitive_attributes": []
        }
      ]
    },
    {
      "module": "module.lambda_visitor_counter",
      "mode": "data",
      "type": "aws_iam_policy_document",
      "name": "lambda_policy_document",
      "provider": "provider[\"registry.terraform.io/hashicorp/aws\"]",
      "instances": [
        {
          "schema_version": 0,
          "attributes": {
            "id": "2341028450",
            "json": "{\n  \"Version\": \"2012-10-17\",\n  \"Statement\": [\n    {\n      \"Sid\": \"\",\n      \"Effect\": \"Allow\",\n      \"Action\": [\n        \"dynamodb:UpdateItem\",\n        \"dynamodb:Scan\",\n        \"dynamodb:Query\",\n        \"dynamodb:PutItem\",\n        \"dynamodb:GetItem\",\n        \"dynamodb:BatchWriteItem\",\n        \"dynamodb:BatchGetItem\"\n      ],\n      \"Resource\": \"arn:aws:dynamodb:us-east-1:731945947682:table/joshvvcv-vstore\"\n    }\n  ]\n}",
            "override_json": null,
            "override_policy_documents": null,
            "policy_id": null,
            "source_json": null,
            "source_policy_documents": null,
            "statement": [
              {
                "actions": [
                  "dynamodb:BatchGetItem",
                  "dynamodb:BatchWriteItem",
                  "dynamodb:GetItem",
                  "dynamodb:PutItem",
                  "dynamodb:Query",
                  "dynamodb:Scan",
                  "dynamodb:UpdateItem"
                ],
                "condition": [],
                "effect": "Allow",
                "not_actions": [],
                "not_principals": [],
                "not_resources": [],
                "principals": [],
                "resources": [
                  "arn:aws:dynamodb:us-east-1:731945947682:table/joshvvcv-vstore"
                ],
                "sid": ""
              }
            ],
            "version": "2012-10-17"
          },
          "sensitive_attributes": []
        }
      ]
    },
    {
      "module": "module.lambda_visitor_counter",
      "mode": "managed",
      "type": "aws_apigatewayv2_api",
      "name": "http_api",
      "provider": "provider[\"registry.terraform.io/hashicorp/aws\"]",
      "instances": [
        {
          "schema_version": 0,
          "attributes": {
            "api_endpoint": "https://vfgltkyt0k.execute-api.us-east-1.amazonaws.com",
            "api_key_selection_expression": "$request.header.x-api-key",
            "arn": "arn:aws:apigateway:us-east-1::/apis/vfgltkyt0k",
            "body": null,
            "cors_configuration": [
              {
                "allow_credentials": false,
                "allow_headers": [
                  "*"
                ],
                "allow_methods": [
                  "GET",
                  "OPTIONS",
                  "POST"
                ],
                "allow_origins": [
                  "https://joshvvcv.com"
                ],
                "expose_headers": [],
                "max_age": 0
              }
            ],
            "credentials_arn": null,
            "description": "",
            "disable_execute_api_endpoint": false,
            "execution_arn": "arn:aws:execute-api:us-east-1:731945947682:vfgltkyt0k",
            "fail_on_warnings": null,
            "id": "vfgltkyt0k",
            "name": "visitor-count-api",
            "protocol_type": "HTTP",
            "route_key": null,
            "route_selection_expression": "$request.method $request.path",
            "tags": {},
            "tags_all": {},
            "target": null,
            "version": ""
          },
          "sensitive_attributes": [],
          "private": "bnVsbA==",
          "create_before_destroy": true
        }
      ]
    },
    {
      "module": "module.lambda_visitor_counter",
      "mode": "managed",
      "type": "aws_apigatewayv2_api_mapping",
      "name": "custom_m",
      "provider": "provider[\"registry.terraform.io/hashicorp/aws\"]",
      "instances": [
        {
          "schema_version": 0,
          "attributes": {
            "api_id": "vfgltkyt0k",
            "api_mapping_key": "",
            "domain_name": "api.joshvvcv.com",
            "id": "m9vc8a",
            "stage": "prod"
          },
          "sensitive_attributes": [],
          "private": "bnVsbA==",
          "dependencies": [
            "module.lambda_visitor_counter.aws_apigatewayv2_api.http_api",
            "module.lambda_visitor_counter.aws_apigatewayv2_deployment.count_api_deployment",
            "module.lambda_visitor_counter.aws_apigatewayv2_domain_name.custom_d",
            "module.lambda_visitor_counter.aws_apigatewayv2_integration.lambda_integration",
            "module.lambda_visitor_counter.aws_apigatewayv2_stage.visit_stage",
            "module.lambda_visitor_counter.aws_cloudwatch_log_group.http_api_logs",
            "module.lambda_visitor_counter.aws_iam_role.lambda_exec_role",
            "module.lambda_visitor_counter.aws_lambda_function.visitor_counter",
            "module.lambda_visitor_counter.data.archive_file.lambda_zip",
            "module.lambda_visitor_counter.data.aws_acm_certificate.cert",
            "module.visitor_table.aws_dynamodb_table.visitor_counter"
          ]
        }
      ]
    },
    {
      "module": "module.lambda_visitor_counter",
      "mode": "managed",
      "type": "aws_apigatewayv2_deployment",
      "name": "count_api_deployment",
      "provider": "provider[\"registry.terraform.io/hashicorp/aws\"]",
      "instances": [
        {
          "schema_version": 0,
          "attributes": {
            "api_id": "vfgltkyt0k",
            "auto_deployed": false,
            "description": "",
            "id": "6qa5qd",
            "triggers": null
          },
          "sensitive_attributes": [],
          "private": "bnVsbA==",
          "dependencies": [
            "module.lambda_visitor_counter.aws_apigatewayv2_api.http_api",
            "module.lambda_visitor_counter.aws_apigatewayv2_integration.lambda_integration",
            "module.lambda_visitor_counter.aws_iam_role.lambda_exec_role",
            "module.lambda_visitor_counter.aws_lambda_function.visitor_counter",
            "module.lambda_visitor_counter.data.archive_file.lambda_zip",
            "module.visitor_table.aws_dynamodb_table.visitor_counter"
          ],
          "create_before_destroy": true
        }
      ]
    },
    {
      "module": "module.lambda_visitor_counter",
      "mode": "managed",
      "type": "aws_apigatewayv2_domain_name",
      "name": "custom_d",
      "provider": "provider[\"registry.terraform.io/hashicorp/aws\"]",
      "instances": [
        {
          "schema_version": 0,
          "attributes": {
            "api_mapping_selection_expression": "$request.basepath",
            "arn": "arn:aws:apigateway:us-east-1::/domainnames/api.joshvvcv.com",
            "domain_name": "api.joshvvcv.com",
            "domain_name_configuration": [
              {
                "certificate_arn": "arn:aws:acm:us-east-1:731945947682:certificate/30badd39-5f30-48e4-9f8d-65f83e18c2a6",
                "endpoint_type": "REGIONAL",
                "hosted_zone_id": "Z1UJRXOUMOOFQ8",
                "ownership_verification_certificate_arn": "",
                "security_policy": "TLS_1_2",
                "target_domain_name": "d-n429tuuofc.execute-api.us-east-1.amazonaws.com"
              }
            ],
            "id": "api.joshvvcv.com",
            "mutual_tls_authentication": [],
            "tags": {},
            "tags_all": {},
            "timeouts": null
          },
          "sensitive_attributes": [],
          "private": "eyJlMmJmYjczMC1lY2FhLTExZTYtOGY4OC0zNDM2M2JjN2M0YzAiOnsiY3JlYXRlIjo2MDAwMDAwMDAwMDAsInVwZGF0ZSI6MzYwMDAwMDAwMDAwMH19",
          "dependencies": [
            "module.lambda_visitor_counter.data.aws_acm_certificate.cert"
          ]
        }
      ]
    },
    {
      "module": "module.lambda_visitor_counter",
      "mode": "managed",
      "type": "aws_apigatewayv2_integration",
      "name": "lambda_integration",
      "provider": "provider[\"registry.terraform.io/hashicorp/aws\"]",
      "instances": [
        {
          "schema_version": 0,
          "attributes": {
            "api_id": "vfgltkyt0k",
            "connection_id": "",
            "connection_type": "INTERNET",
            "content_handling_strategy": "",
            "credentials_arn": "",
            "description": "",
            "id": "lyr428n",
            "integration_method": "POST",
            "integration_response_selection_expression": "",
            "integration_subtype": "",
            "integration_type": "AWS_PROXY",
            "integration_uri": "arn:aws:apigateway:us-east-1:lambda:path/2015-03-31/functions/arn:aws:lambda:us-east-1:731945947682:function:visitor-count/invocations",
            "passthrough_behavior": "",
            "payload_format_version": "2.0",
            "request_parameters": {},
            "request_templates": {},
            "response_parameters": [],
            "template_selection_expression": "",
            "timeout_milliseconds": 30000,
            "tls_config": []
          },
          "sensitive_attributes": [],
          "private": "bnVsbA==",
          "dependencies": [
            "module.lambda_visitor_counter.aws_apigatewayv2_api.http_api",
            "module.lambda_visitor_counter.aws_iam_role.lambda_exec_role",
            "module.lambda_visitor_counter.aws_lambda_function.visitor_counter",
            "module.lambda_visitor_counter.data.archive_file.lambda_zip",
            "module.visitor_table.aws_dynamodb_table.visitor_counter"
          ],
          "create_before_destroy": true
        }
      ]
    },
    {
      "module": "module.lambda_visitor_counter",
      "mode": "managed",
      "type": "aws_apigatewayv2_route",
      "name": "default_route",
      "provider": "provider[\"registry.terraform.io/hashicorp/aws\"]",
      "instances": [
        {
          "schema_version": 0,
          "attributes": {
            "api_id": "vfgltkyt0k",
            "api_key_required": false,
            "authorization_scopes": [],
            "authorization_type": "NONE",
            "authorizer_id": "",
            "id": "bct2hk7",
            "model_selection_expression": "",
            "operation_name": "",
            "request_models": {},
            "request_parameter": [],
            "route_key": "ANY /visit",
            "route_response_selection_expression": "",
            "target": "integrations/lyr428n"
          },
          "sensitive_attributes": [],
          "private": "bnVsbA==",
          "dependencies": [
            "module.lambda_visitor_counter.aws_apigatewayv2_api.http_api",
            "module.lambda_visitor_counter.aws_apigatewayv2_integration.lambda_integration",
            "module.lambda_visitor_counter.aws_iam_role.lambda_exec_role",
            "module.lambda_visitor_counter.aws_lambda_function.visitor_counter",
            "module.lambda_visitor_counter.data.archive_file.lambda_zip",
            "module.visitor_table.aws_dynamodb_table.visitor_counter"
          ]
        }
      ]
    },
    {
      "module": "module.lambda_visitor_counter",
      "mode": "managed",
      "type": "aws_apigatewayv2_route",
      "name": "get",
      "provider": "provider[\"registry.terraform.io/hashicorp/aws\"]",
      "instances": [
        {
          "schema_version": 0,
          "attributes": {
            "api_id": "vfgltkyt0k",
            "api_key_required": false,
            "authorization_scopes": [],
            "authorization_type": "NONE",
            "authorizer_id": "",
            "id": "e4jxv2i",
            "model_selection_expression": "",
            "operation_name": "",
            "request_models": {},
            "request_parameter": [],
            "route_key": "GET /visit",
            "route_response_selection_expression": "",
            "target": "integrations/lyr428n"
          },
          "sensitive_attributes": [],
          "private": "bnVsbA==",
          "dependencies": [
            "module.lambda_visitor_counter.aws_apigatewayv2_api.http_api",
            "module.lambda_visitor_counter.aws_apigatewayv2_integration.lambda_integration",
            "module.lambda_visitor_counter.aws_iam_role.lambda_exec_role",
            "module.lambda_visitor_counter.aws_lambda_function.visitor_counter",
            "module.lambda_visitor_counter.data.archive_file.lambda_zip",
            "module.visitor_table.aws_dynamodb_table.visitor_counter"
          ]
        }
      ]
    },
    {
      "module": "module.lambda_visitor_counter",
      "mode": "managed",
      "type": "aws_apigatewayv2_route",
      "name": "options",
      "provider": "provider[\"registry.terraform.io/hashicorp/aws\"]",
      "instances": [
        {
          "schema_version": 0,
          "attributes": {
            "api_id": "vfgltkyt0k",
            "api_key_required": false,
            "authorization_scopes": [],
            "authorization_type": "NONE",
            "authorizer_id": "",
            "id": "w7inbom",
            "model_selection_expression": "",
            "operation_name": "",
            "request_models": {},
            "request_parameter": [],
            "route_key": "OPTIONS /visit",
            "route_response_selection_expression": "",
            "target": "integrations/lyr428n"
          },
          "sensitive_attributes": [],
          "private": "bnVsbA==",
          "dependencies": [
            "module.lambda_visitor_counter.aws_apigatewayv2_api.http_api",
            "module.lambda_visitor_counter.aws_apigatewayv2_integration.lambda_integration",
            "module.lambda_visitor_counter.aws_iam_role.lambda_exec_role",
            "module.lambda_visitor_counter.aws_lambda_function.visitor_counter",
            "module.lambda_visitor_counter.data.archive_file.lambda_zip",
            "module.visitor_table.aws_dynamodb_table.visitor_counter"
          ]
        }
      ]
    },
    {
      "module": "module.lambda_visitor_counter",
      "mode": "managed",
      "type": "aws_apigatewayv2_stage",
      "name": "default_stage",
      "provider": "provider[\"registry.terraform.io/hashicorp/aws\"]",
      "instances": [
        {
          "schema_version": 0,
          "attributes": {
            "access_log_settings": [],
            "api_id": "vfgltkyt0k",
            "arn": "arn:aws:apigateway:us-east-1::/apis/vfgltkyt0k/stages/$default",
            "auto_deploy": false,
            "client_certificate_id": "",
            "default_route_settings": [
              {
                "data_trace_enabled": false,
                "detailed_metrics_enabled": false,
                "logging_level": "",
                "throttling_burst_limit": 0,
                "throttling_rate_limit": 0
              }
            ],
            "deployment_id": "6qa5qd",
            "description": "",
            "execution_arn": "arn:aws:execute-api:us-east-1:731945947682:vfgltkyt0k/$default",
            "id": "$default",
            "invoke_url": "https://vfgltkyt0k.execute-api.us-east-1.amazonaws.com/",
            "name": "$default",
            "route_settings": [],
            "stage_variables": {},
            "tags": {},
            "tags_all": {}
          },
          "sensitive_attributes": [],
          "private": "bnVsbA==",
          "dependencies": [
            "module.lambda_visitor_counter.aws_apigatewayv2_api.http_api",
            "module.lambda_visitor_counter.aws_apigatewayv2_deployment.count_api_deployment",
            "module.lambda_visitor_counter.aws_apigatewayv2_integration.lambda_integration",
            "module.lambda_visitor_counter.aws_iam_role.lambda_exec_role",
            "module.lambda_visitor_counter.aws_lambda_function.visitor_counter",
            "module.lambda_visitor_counter.data.archive_file.lambda_zip",
            "module.visitor_table.aws_dynamodb_table.visitor_counter"
          ]
        }
      ]
    },
    {
      "module": "module.lambda_visitor_counter",
      "mode": "managed",
      "type": "aws_apigatewayv2_stage",
      "name": "visit_stage",
      "provider": "provider[\"registry.terraform.io/hashicorp/aws\"]",
      "instances": [
        {
          "schema_version": 0,
          "attributes": {
            "access_log_settings": [
              {
                "destination_arn": "arn:aws:logs:us-east-1:731945947682:log-group:/aws/apigateway/http-api",
                "format": "{\"httpMethod\":\"$context.httpMethod\",\"protocol\":\"$context.protocol\",\"requestId\":\"$context.requestId\",\"routeKey\":\"$context.routeKey\",\"sourceIp\":\"$context.identity.sourceIp\",\"status\":\"$context.status\"}"
              }
            ],
            "api_id": "vfgltkyt0k",
            "arn": "arn:aws:apigateway:us-east-1::/apis/vfgltkyt0k/stages/prod",
            "auto_deploy": false,
            "client_certificate_id": "",
            "default_route_settings": [
              {
                "data_trace_enabled": false,
                "detailed_metrics_enabled": true,
                "logging_level": "",
                "throttling_burst_limit": 500,
                "throttling_rate_limit": 1000
              }
            ],
            "deployment_id": "6qa5qd",
            "description": "",
            "execution_arn": "arn:aws:execute-api:us-east-1:731945947682:vfgltkyt0k/prod",
            "id": "prod",
            "invoke_url": "https://vfgltkyt0k.execute-api.us-east-1.amazonaws.com/prod",
            "name": "prod",
            "route_settings": [],
            "stage_variables": {},
            "tags": {},
            "tags_all": {}
          },
          "sensitive_attributes": [],
          "private": "bnVsbA==",
          "dependencies": [
            "module.lambda_visitor_counter.aws_apigatewayv2_api.http_api",
            "module.lambda_visitor_counter.aws_apigatewayv2_deployment.count_api_deployment",
            "module.lambda_visitor_counter.aws_apigatewayv2_integration.lambda_integration",
            "module.lambda_visitor_counter.aws_cloudwatch_log_group.http_api_logs",
            "module.lambda_visitor_counter.aws_iam_role.lambda_exec_role",
            "module.lambda_visitor_counter.aws_lambda_function.visitor_counter",
            "module.lambda_visitor_counter.data.archive_file.lambda_zip",
            "module.visitor_table.aws_dynamodb_table.visitor_counter"
          ]
        }
      ]
    },
    {
      "module": "module.lambda_visitor_counter",
      "mode": "managed",
      "type": "aws_cloudwatch_log_group",
      "name": "http_api_logs",
      "provider": "provider[\"registry.terraform.io/hashicorp/aws\"]",
      "instances": [
        {
          "schema_version": 0,
          "attributes": {
            "arn": "arn:aws:logs:us-east-1:731945947682:log-group:/aws/apigateway/http-api",
            "id": "/aws/apigateway/http-api",
            "kms_key_id": "",
            "name": "/aws/apigateway/http-api",
            "name_prefix": "",
            "retention_in_days": 14,
            "skip_destroy": false,
            "tags": {},
            "tags_all": {}
          },
          "sensitive_attributes": [],
          "private": "bnVsbA=="
        }
      ]
    },
    {
      "module": "module.lambda_visitor_counter",
      "mode": "managed",
      "type": "aws_iam_policy",
      "name": "dynamodb_lambda_policy",
      "provider": "provider[\"registry.terraform.io/hashicorp/aws\"]",
      "instances": [
        {
          "schema_version": 0,
          "attributes": {
            "arn": "arn:aws:iam::731945947682:policy/dynamodb-lambda-policy",
            "description": "This policy will be used by the lambda to write get data from DynamoDB",
            "id": "arn:aws:iam::731945947682:policy/dynamodb-lambda-policy",
            "name": "dynamodb-lambda-policy",
            "name_prefix": "",
            "path": "/",
            "policy": "{\"Statement\":[{\"Action\":[\"dynamodb:UpdateItem\",\"dynamodb:Scan\",\"dynamodb:Query\",\"dynamodb:PutItem\",\"dynamodb:GetItem\",\"dynamodb:BatchWriteItem\",\"dynamodb:BatchGetItem\"],\"Effect\":\"Allow\",\"Resource\":\"arn:aws:dynamodb:us-east-1:731945947682:table/joshvvcv-vstore\",\"Sid\":\"\"}],\"Version\":\"2012-10-17\"}",
            "policy_id": "ANPA2U23A2IRI7KS6M4Y3",
            "tags": {},
            "tags_all": {}
          },
          "sensitive_attributes": [],
          "private": "bnVsbA==",
          "dependencies": [
            "module.lambda_visitor_counter.data.aws_iam_policy_document.lambda_policy_document",
            "module.visitor_table.aws_dynamodb_table.visitor_counter"
          ]
        }
      ]
    },
    {
      "module": "module.lambda_visitor_counter",
      "mode": "managed",
      "type": "aws_iam_role",
      "name": "lambda_exec_role",
      "provider": "provider[\"registry.terraform.io/hashicorp/aws\"]",
      "instances": [
        {
          "schema_version": 0,
          "attributes": {
            "arn": "arn:aws:iam::731945947682:role/visitor-count_role",
            "assume_role_policy": "{\"Statement\":[{\"Action\":\"sts:AssumeRole\",\"Effect\":\"Allow\",\"Principal\":{\"Service\":\"lambda.amazonaws.com\"}}],\"Version\":\"2012-10-17\"}",
            "create_date": "2025-04-10T04:35:58Z",
            "description": "",
            "force_detach_policies": false,
            "id": "visitor-count_role",
            "inline_policy": [],
            "managed_policy_arns": [
              "arn:aws:iam::731945947682:policy/dynamodb-lambda-policy"
            ],
            "max_session_duration": 3600,
            "name": "visitor-count_role",
            "name_prefix": "",
            "path": "/",
            "permissions_boundary": null,
            "role_last_used": [
              {
                "last_used_date": "2025-05-23T23:06:03Z",
                "region": "us-east-1"
              }
            ],
            "tags": {},
            "tags_all": {},
            "unique_id": "AROA2U23A2IRHRD5NHYXR"
          },
          "sensitive_attributes": [],
          "private": "bnVsbA==",
          "create_before_destroy": true
        }
      ]
    },
    {
      "module": "module.lambda_visitor_counter",
      "mode": "managed",
      "type": "aws_iam_role_policy_attachment",
      "name": "lambda_attachment",
      "provider": "provider[\"registry.terraform.io/hashicorp/aws\"]",
      "instances": [
        {
          "schema_version": 0,
          "attributes": {
            "id": "visitor-count_role-20250412010713318000000001",
            "policy_arn": "arn:aws:iam::731945947682:policy/dynamodb-lambda-policy",
            "role": "visitor-count_role"
          },
          "sensitive_attributes": [],
          "private": "bnVsbA==",
          "dependencies": [
            "module.lambda_visitor_counter.aws_iam_policy.dynamodb_lambda_policy",
            "module.lambda_visitor_counter.aws_iam_role.lambda_exec_role",
            "module.lambda_visitor_counter.data.aws_iam_policy_document.lambda_policy_document",
            "module.visitor_table.aws_dynamodb_table.visitor_counter"
          ]
        }
      ]
    },
    {
      "module": "module.lambda_visitor_counter",
      "mode": "managed",
      "type": "aws_lambda_function",
      "name": "visitor_counter",
      "provider": "provider[\"registry.terraform.io/hashicorp/aws\"]",
      "instances": [
        {
          "schema_version": 0,
          "attributes": {
            "architectures": [
              "x86_64"
            ],
            "arn": "arn:aws:lambda:us-east-1:731945947682:function:visitor-count",
            "code_signing_config_arn": "",
            "dead_letter_config": [],
            "description": "",
            "environment": [
              {
                "variables": {
                  "TABLE_NAME": "joshvvcv-vstore"
                }
              }
            ],
            "ephemeral_storage": [
              {
                "size": 512
              }
            ],
            "file_system_config": [],
            "filename": "function/lambda_function.zip",
            "function_name": "visitor-count",
            "handler": "app.lambda_handler",
            "id": "visitor-count",
            "image_config": [],
            "image_uri": "",
            "invoke_arn": "arn:aws:apigateway:us-east-1:lambda:path/2015-03-31/functions/arn:aws:lambda:us-east-1:731945947682:function:visitor-count/invocations",
            "kms_key_arn": "",
            "last_modified": "2025-05-13T23:47:21.000+0000",
            "layers": [],
            "memory_size": 128,
            "package_type": "Zip",
            "publish": false,
            "qualified_arn": "arn:aws:lambda:us-east-1:731945947682:function:visitor-count:$LATEST",
            "qualified_invoke_arn": "arn:aws:apigateway:us-east-1:lambda:path/2015-03-31/functions/arn:aws:lambda:us-east-1:731945947682:function:visitor-count:$LATEST/invocations",
            "replace_security_groups_on_destroy": null,
            "replacement_security_group_ids": null,
            "reserved_concurrent_executions": -1,
            "role": "arn:aws:iam::731945947682:role/visitor-count_role",
            "runtime": "python3.9",
            "s3_bucket": null,
            "s3_key": null,
            "s3_object_version": null,
            "signing_job_arn": "",
            "signing_profile_version_arn": "",
            "skip_destroy": false,
            "snap_start": [],
            "source_code_hash": "5lVZY80OrG+NsiemN7huPTW/QavPZk4d4I7BbR23bLA=",
            "source_code_size": 634,
            "tags": {},
            "tags_all": {},
            "timeout": 3,
            "timeouts": null,
            "tracing_config": [
              {
                "mode": "PassThrough"
              }
            ],
            "version": "$LATEST",
            "vpc_config": []
          },
          "sensitive_attributes": [],
          "private": "eyJlMmJmYjczMC1lY2FhLTExZTYtOGY4OC0zNDM2M2JjN2M0YzAiOnsiY3JlYXRlIjo2MDAwMDAwMDAwMDAsImRlbGV0ZSI6NjAwMDAwMDAwMDAwLCJ1cGRhdGUiOjYwMDAwMDAwMDAwMH19",
          "dependencies": [
            "module.lambda_visitor_counter.aws_iam_role.lambda_exec_role",
            "module.lambda_visitor_counter.data.archive_file.lambda_zip",
            "module.visitor_table.aws_dynamodb_table.visitor_counter"
          ],
          "create_before_destroy": true
        }
      ]
    },
    {
      "module": "module.lambda_visitor_counter",
      "mode": "managed",
      "type": "aws_lambda_permission",
      "name": "allow_api_gateway",
      "provider": "provider[\"registry.terraform.io/hashicorp/aws\"]",
      "instances": [
        {
          "schema_version": 0,
          "attributes": {
            "action": "lambda:InvokeFunction",
            "event_source_token": null,
            "function_name": "visitor-count",
            "function_url_auth_type": null,
            "id": "AllowExecutionFromAPIGateway",
            "principal": "apigateway.amazonaws.com",
            "principal_org_id": null,
            "qualifier": "",
            "source_account": null,
            "source_arn": "arn:aws:execute-api:us-east-1:731945947682:vfgltkyt0k/*/*/visit",
            "statement_id": "AllowExecutionFromAPIGateway",
            "statement_id_prefix": ""
          },
          "sensitive_attributes": [],
          "private": "bnVsbA==",
          "dependencies": [
            "module.lambda_visitor_counter.aws_apigatewayv2_api.http_api",
            "module.lambda_visitor_counter.aws_iam_role.lambda_exec_role",
            "module.lambda_visitor_counter.aws_lambda_function.visitor_counter",
            "module.lambda_visitor_counter.data.archive_file.lambda_zip",
            "module.visitor_table.aws_dynamodb_table.visitor_counter"
          ]
        }
      ]
    },
    {
      "module": "module.visitor_table",
      "mode": "managed",
      "type": "aws_dynamodb_table",
      "name": "visitor_counter",
      "provider": "provider[\"registry.terraform.io/hashicorp/aws\"]",
      "instances": [
        {
          "schema_version": 1,
          "attributes": {
            "arn": "arn:aws:dynamodb:us-east-1:731945947682:table/joshvvcv-vstore",
            "attribute": [
              {
                "name": "joshvvcv.com",
                "type": "S"
              }
            ],
            "billing_mode": "PAY_PER_REQUEST",
            "deletion_protection_enabled": false,
            "global_secondary_index": [],
            "hash_key": "joshvvcv.com",
            "id": "joshvvcv-vstore",
            "local_secondary_index": [],
            "name": "joshvvcv-vstore",
            "point_in_time_recovery": [
              {
                "enabled": false
              }
            ],
            "range_key": null,
            "read_capacity": 0,
            "replica": [],
            "restore_date_time": null,
            "restore_source_name": null,
            "restore_to_latest_time": null,
            "server_side_encryption": [],
            "stream_arn": "",
            "stream_enabled": false,
            "stream_label": "",
            "stream_view_type": "",
            "table_class": "STANDARD",
            "tags": {
              "App": "website",
              "Environment": "prod"
            },
            "tags_all": {
              "App": "website",
              "Environment": "prod"
            },
            "timeouts": null,
            "ttl": [
              {
                "attribute_name": "",
                "enabled": false
              }
            ],
            "write_capacity": 0
          },
          "sensitive_attributes": [],
          "private": "eyJlMmJmYjczMC1lY2FhLTExZTYtOGY4OC0zNDM2M2JjN2M0YzAiOnsiY3JlYXRlIjoxODAwMDAwMDAwMDAwLCJkZWxldGUiOjYwMDAwMDAwMDAwMCwidXBkYXRlIjozNjAwMDAwMDAwMDAwfSwic2NoZW1hX3ZlcnNpb24iOiIxIn0=",
          "create_before_destroy": true
        }
      ]
    }
  ],
  "check_results": null
}
